PODS:
  - PLPlayerKit (3.4.1):
    - PLPlayerKit/iphoneos (= 3.4.1)
  - PLPlayerKit/iphoneos (3.4.1)

DEPENDENCIES:
  - PLPlayerKit

SPEC REPOS:
  https://github.com/cocoapods/specs.git:
    - PLPlayerKit

SPEC CHECKSUMS:
  PLPlayerKit: ebec9d70b66a95d1770b2dc5107fe2a469454a28

PODFILE CHECKSUM: 9a790b0e2eb597fc9f5e7f439d695cf91cb04d6d

COCOAPODS: 1.6.0
